
Microsoft Visual Studio Solution File, Format Version 12.00
# Visual Studio Version 16
VisualStudioVersion = 16.0.31025.194
MinimumVisualStudioVersion = 10.0.40219.1
Project("{2150E333-8FDC-42A3-9474-1A3956D46DE8}") = "Services", "Services", "{1DA4FA71-5641-4E95-91F1-EF5C46CEB403}"
EndProject
Project("{2150E333-8FDC-42A3-9474-1A3956D46DE8}") = "Catalog", "Catalog", "{05C3E48D-4CB4-4F61-BBCF-8EE92B9E8639}"
EndProject
Project("{FAE04EC0-301F-11D3-BF4B-00C04F79EFBC}") = "Catalog.Api", "Services\Catalog\Catalog.Api\Catalog.Api.csproj", "{D3E35ED3-AC8B-4324-A73C-6D8989FD8C5D}"
EndProject
Global
	GlobalSection(SolutionConfigurationPlatforms) = preSolution
		Debug|Any CPU = Debug|Any CPU
		Release|Any CPU = Release|Any CPU
	EndGlobalSection
	GlobalSection(ProjectConfigurationPlatforms) = postSolution
		{D3E35ED3-AC8B-4324-A73C-6D8989FD8C5D}.Debug|Any CPU.ActiveCfg = Debug|Any CPU
		{D3E35ED3-AC8B-4324-A73C-6D8989FD8C5D}.Debug|Any CPU.Build.0 = Debug|Any CPU
		{D3E35ED3-AC8B-4324-A73C-6D8989FD8C5D}.Release|Any CPU.ActiveCfg = Release|Any CPU
		{D3E35ED3-AC8B-4324-A73C-6D8989FD8C5D}.Release|Any CPU.Build.0 = Release|Any CPU
	EndGlobalSection
	GlobalSection(SolutionProperties) = preSolution
		HideSolutionNode = FALSE
	EndGlobalSection
	GlobalSection(NestedProjects) = preSolution
		{05C3E48D-4CB4-4F61-BBCF-8EE92B9E8639} = {1DA4FA71-5641-4E95-91F1-EF5C46CEB403}
		{D3E35ED3-AC8B-4324-A73C-6D8989FD8C5D} = {05C3E48D-4CB4-4F61-BBCF-8EE92B9E8639}
	EndGlobalSection
	GlobalSection(ExtensibilityGlobals) = postSolution
		SolutionGuid = {0AD088EC-4E5F-4AA0-AB86-847D4089892E}
	EndGlobalSection
EndGlobal
